
Microsoft Visual Studio Solution File, Format Version 12.00
# Visual Studio Version 17
VisualStudioVersion = 17.11.35208.52
MinimumVisualStudioVersion = 10.0.40219.1
Project("{2150E333-8FDC-42A3-9474-1A3956D46DE8}") = "0 - FIAP.Games.Presentation", "0 - FIAP.Games.Presentation", "{50709D39-DF89-4A9A-B1F7-E4C14C23ACE2}"
EndProject
Project("{2150E333-8FDC-42A3-9474-1A3956D46DE8}") = "1 - FIAP.Games.Application", "1 - FIAP.Games.Application", "{599D803E-C6D9-46A0-B68C-677239AE214E}"
EndProject
Project("{2150E333-8FDC-42A3-9474-1A3956D46DE8}") = "2 - FIAP.Games.Domain", "2 - FIAP.Games.Domain", "{0FF6EE84-0E74-4A1F-A918-55D5E24365E5}"
EndProject
Project("{2150E333-8FDC-42A3-9474-1A3956D46DE8}") = "3 - FIAP.Games.Infra", "3 - FIAP.Games.Infra", "{C91447A2-7325-4685-9E38-23F623DFCE1D}"
EndProject
Project("{2150E333-8FDC-42A3-9474-1A3956D46DE8}") = "4 - FIAP.Games.Crosscutting", "4 - FIAP.Games.Crosscutting", "{1DD9E097-F235-43ED-A40D-F69D6E7B7D5E}"
EndProject
Project("{FAE04EC0-301F-11D3-BF4B-00C04F79EFBC}") = "FIAP.Games.Presentation", "FIAP.Games.Presentation\FIAP.Games.Presentation.csproj", "{F39D5F96-3430-4B78-B4DB-DD356BCCFFDB}"
	ProjectSection(ProjectDependencies) = postProject
		{017C075E-A3CE-4727-BEA4-2E99536C007C} = {017C075E-A3CE-4727-BEA4-2E99536C007C}
		{162F7DA5-7A30-4026-B2B4-5D75C04E8917} = {162F7DA5-7A30-4026-B2B4-5D75C04E8917}
		{B16A84D8-76AA-4283-96CF-195A1D52445F} = {B16A84D8-76AA-4283-96CF-195A1D52445F}
	EndProjectSection
EndProject
Project("{FAE04EC0-301F-11D3-BF4B-00C04F79EFBC}") = "FIAP.Games.Application", "FIAP.Games.Application\FIAP.Games.Application.csproj", "{162F7DA5-7A30-4026-B2B4-5D75C04E8917}"
	ProjectSection(ProjectDependencies) = postProject
		{B16A84D8-76AA-4283-96CF-195A1D52445F} = {B16A84D8-76AA-4283-96CF-195A1D52445F}
	EndProjectSection
EndProject
Project("{FAE04EC0-301F-11D3-BF4B-00C04F79EFBC}") = "FIAP.Games.Domain", "FIAP.Games.Domain\FIAP.Games.Domain.csproj", "{B16A84D8-76AA-4283-96CF-195A1D52445F}"
EndProject
Project("{FAE04EC0-301F-11D3-BF4B-00C04F79EFBC}") = "FIAP.Games.Domain.Core", "FIAP.Games.Domain.Core\FIAP.Games.Domain.Core.csproj", "{F853446A-88F1-42A6-BE44-E42B020A5FE9}"
EndProject
Project("{FAE04EC0-301F-11D3-BF4B-00C04F79EFBC}") = "FIAP.Games.Infra", "FIAP.Games.Infra\FIAP.Games.Infra.csproj", "{8EEC8619-D62C-4FA2-A08A-984AC9293DC1}"
EndProject
Project("{FAE04EC0-301F-11D3-BF4B-00C04F79EFBC}") = "FIAP.Games.Crosscutting", "FIAP.Games.Crosscutting\FIAP.Games.Crosscutting.csproj", "{017C075E-A3CE-4727-BEA4-2E99536C007C}"
	ProjectSection(ProjectDependencies) = postProject
		{162F7DA5-7A30-4026-B2B4-5D75C04E8917} = {162F7DA5-7A30-4026-B2B4-5D75C04E8917}
		{8EEC8619-D62C-4FA2-A08A-984AC9293DC1} = {8EEC8619-D62C-4FA2-A08A-984AC9293DC1}
	EndProjectSection
EndProject
Global
	GlobalSection(SolutionConfigurationPlatforms) = preSolution
		Debug|Any CPU = Debug|Any CPU
		Release|Any CPU = Release|Any CPU
	EndGlobalSection
	GlobalSection(ProjectConfigurationPlatforms) = postSolution
		{F39D5F96-3430-4B78-B4DB-DD356BCCFFDB}.Debug|Any CPU.ActiveCfg = Debug|Any CPU
		{F39D5F96-3430-4B78-B4DB-DD356BCCFFDB}.Debug|Any CPU.Build.0 = Debug|Any CPU
		{F39D5F96-3430-4B78-B4DB-DD356BCCFFDB}.Release|Any CPU.ActiveCfg = Release|Any CPU
		{F39D5F96-3430-4B78-B4DB-DD356BCCFFDB}.Release|Any CPU.Build.0 = Release|Any CPU
		{162F7DA5-7A30-4026-B2B4-5D75C04E8917}.Debug|Any CPU.ActiveCfg = Debug|Any CPU
		{162F7DA5-7A30-4026-B2B4-5D75C04E8917}.Debug|Any CPU.Build.0 = Debug|Any CPU
		{162F7DA5-7A30-4026-B2B4-5D75C04E8917}.Release|Any CPU.ActiveCfg = Release|Any CPU
		{162F7DA5-7A30-4026-B2B4-5D75C04E8917}.Release|Any CPU.Build.0 = Release|Any CPU
		{B16A84D8-76AA-4283-96CF-195A1D52445F}.Debug|Any CPU.ActiveCfg = Debug|Any CPU
		{B16A84D8-76AA-4283-96CF-195A1D52445F}.Debug|Any CPU.Build.0 = Debug|Any CPU
		{B16A84D8-76AA-4283-96CF-195A1D52445F}.Release|Any CPU.ActiveCfg = Release|Any CPU
		{B16A84D8-76AA-4283-96CF-195A1D52445F}.Release|Any CPU.Build.0 = Release|Any CPU
		{F853446A-88F1-42A6-BE44-E42B020A5FE9}.Debug|Any CPU.ActiveCfg = Debug|Any CPU
		{F853446A-88F1-42A6-BE44-E42B020A5FE9}.Debug|Any CPU.Build.0 = Debug|Any CPU
		{F853446A-88F1-42A6-BE44-E42B020A5FE9}.Release|Any CPU.ActiveCfg = Release|Any CPU
		{F853446A-88F1-42A6-BE44-E42B020A5FE9}.Release|Any CPU.Build.0 = Release|Any CPU
		{8EEC8619-D62C-4FA2-A08A-984AC9293DC1}.Debug|Any CPU.ActiveCfg = Debug|Any CPU
		{8EEC8619-D62C-4FA2-A08A-984AC9293DC1}.Debug|Any CPU.Build.0 = Debug|Any CPU
		{8EEC8619-D62C-4FA2-A08A-984AC9293DC1}.Release|Any CPU.ActiveCfg = Release|Any CPU
		{8EEC8619-D62C-4FA2-A08A-984AC9293DC1}.Release|Any CPU.Build.0 = Release|Any CPU
		{017C075E-A3CE-4727-BEA4-2E99536C007C}.Debug|Any CPU.ActiveCfg = Debug|Any CPU
		{017C075E-A3CE-4727-BEA4-2E99536C007C}.Debug|Any CPU.Build.0 = Debug|Any CPU
		{017C075E-A3CE-4727-BEA4-2E99536C007C}.Release|Any CPU.ActiveCfg = Release|Any CPU
		{017C075E-A3CE-4727-BEA4-2E99536C007C}.Release|Any CPU.Build.0 = Release|Any CPU
	EndGlobalSection
	GlobalSection(SolutionProperties) = preSolution
		HideSolutionNode = FALSE
	EndGlobalSection
	GlobalSection(NestedProjects) = preSolution
		{F39D5F96-3430-4B78-B4DB-DD356BCCFFDB} = {50709D39-DF89-4A9A-B1F7-E4C14C23ACE2}
		{162F7DA5-7A30-4026-B2B4-5D75C04E8917} = {599D803E-C6D9-46A0-B68C-677239AE214E}
		{B16A84D8-76AA-4283-96CF-195A1D52445F} = {0FF6EE84-0E74-4A1F-A918-55D5E24365E5}
		{F853446A-88F1-42A6-BE44-E42B020A5FE9} = {0FF6EE84-0E74-4A1F-A918-55D5E24365E5}
		{8EEC8619-D62C-4FA2-A08A-984AC9293DC1} = {C91447A2-7325-4685-9E38-23F623DFCE1D}
		{017C075E-A3CE-4727-BEA4-2E99536C007C} = {1DD9E097-F235-43ED-A40D-F69D6E7B7D5E}
	EndGlobalSection
	GlobalSection(ExtensibilityGlobals) = postSolution
		SolutionGuid = {8A795E8B-9033-4BCB-9D49-5FECEF658B1F}
	EndGlobalSection
EndGlobal
